
Microsoft Visual Studio Solution File, Format Version 12.00
# Visual Studio Version 17
VisualStudioVersion = 17.14.36202.13 d17.14
MinimumVisualStudioVersion = 10.0.40219.1
Project("{FAE04EC0-301F-11D3-BF4B-00C04F79EFBC}") = "LinqToSQL", "LinqToSQL\LinqToSQL.csproj", "{2DE42D95-BB36-4565-AF22-F7C0B6B22439}"
EndProject
Global
	GlobalSection(SolutionConfigurationPlatforms) = preSolution
		Debug|Any CPU = Debug|Any CPU
		Release|Any CPU = Release|Any CPU
	EndGlobalSection
	GlobalSection(ProjectConfigurationPlatforms) = postSolution
		{2DE42D95-BB36-4565-AF22-F7C0B6B22439}.Debug|Any CPU.ActiveCfg = Debug|Any CPU
		{2DE42D95-BB36-4565-AF22-F7C0B6B22439}.Debug|Any CPU.Build.0 = Debug|Any CPU
		{2DE42D95-BB36-4565-AF22-F7C0B6B22439}.Release|Any CPU.ActiveCfg = Release|Any CPU
		{2DE42D95-BB36-4565-AF22-F7C0B6B22439}.Release|Any CPU.Build.0 = Release|Any CPU
	EndGlobalSection
	GlobalSection(SolutionProperties) = preSolution
		HideSolutionNode = FALSE
	EndGlobalSection
	GlobalSection(ExtensibilityGlobals) = postSolution
		SolutionGuid = {2BEC17B3-0D03-435B-A635-2A9ADCE1F69B}
	EndGlobalSection
EndGlobal
