
Microsoft Visual Studio Solution File, Format Version 12.00
# Visual Studio Version 17
VisualStudioVersion = 17.14.36221.1
MinimumVisualStudioVersion = 10.0.40219.1
Project("{FAE04EC0-301F-11D3-BF4B-00C04F79EFBC}") = "Flight", "Flight\Flight.csproj", "{A9CC0FBA-04F6-4FC7-9165-4FC4390D21B5}"
EndProject
Project("{FAE04EC0-301F-11D3-BF4B-00C04F79EFBC}") = "Domain.Tests", "Domain.Tests\Domain.Tests.csproj", "{2E0B9544-0BA9-440A-B10B-D89C65A8D0D1}"
EndProject
Global
	GlobalSection(SolutionConfigurationPlatforms) = preSolution
		Debug|Any CPU = Debug|Any CPU
		Release|Any CPU = Release|Any CPU
	EndGlobalSection
	GlobalSection(ProjectConfigurationPlatforms) = postSolution
		{A9CC0FBA-04F6-4FC7-9165-4FC4390D21B5}.Debug|Any CPU.ActiveCfg = Debug|Any CPU
		{A9CC0FBA-04F6-4FC7-9165-4FC4390D21B5}.Debug|Any CPU.Build.0 = Debug|Any CPU
		{A9CC0FBA-04F6-4FC7-9165-4FC4390D21B5}.Release|Any CPU.ActiveCfg = Release|Any CPU
		{A9CC0FBA-04F6-4FC7-9165-4FC4390D21B5}.Release|Any CPU.Build.0 = Release|Any CPU
		{2E0B9544-0BA9-440A-B10B-D89C65A8D0D1}.Debug|Any CPU.ActiveCfg = Debug|Any CPU
		{2E0B9544-0BA9-440A-B10B-D89C65A8D0D1}.Debug|Any CPU.Build.0 = Debug|Any CPU
		{2E0B9544-0BA9-440A-B10B-D89C65A8D0D1}.Release|Any CPU.ActiveCfg = Release|Any CPU
		{2E0B9544-0BA9-440A-B10B-D89C65A8D0D1}.Release|Any CPU.Build.0 = Release|Any CPU
	EndGlobalSection
	GlobalSection(SolutionProperties) = preSolution
		HideSolutionNode = FALSE
	EndGlobalSection
	GlobalSection(ExtensibilityGlobals) = postSolution
		SolutionGuid = {731575B5-42B7-4600-82D7-98FD50ECE482}
	EndGlobalSection
EndGlobal
